{
  "name": "rhd",
  "version": "1.0.0",
  "lockfileVersion": 1,
  "requires": true,
  "dependencies": {
    "rhd-frontend": {
      "version": "1.0.1",
      "resolved": "https://registry.npmjs.org/rhd-frontend/-/rhd-frontend-1.0.1.tgz",
      "integrity": "sha512-Q2OzwORH9Zh1XOAjwLtFrPWa1CoUWzDPNQtrEjM9v042OwPvbdGLhzpG4yKIMx8LBYmQXd14E6THmaLs4aGucQ=="
    }
  }
}
